
Microsoft Visual Studio Solution File, Format Version 12.00
# Visual Studio Version 17
VisualStudioVersion = 17.10.35013.160
MinimumVisualStudioVersion = 10.0.40219.1
Project("{9A19103F-16F7-4668-BE54-9A1E7A4F7556}") = "Ecommerce", "Ecommerce\Ecommerce.csproj", "{94F5F302-AE3F-4F9E-9927-A41E5C12B35E}"
EndProject
Project("{9A19103F-16F7-4668-BE54-9A1E7A4F7556}") = "Ecommerce.DataAccess", "Ecommerce.DataAccess\Ecommerce.DataAccess.csproj", "{B8E43E93-28DF-4E92-9086-A4FE611A1797}"
EndProject
Project("{9A19103F-16F7-4668-BE54-9A1E7A4F7556}") = "Ecommerce.Models", "Ecommerce.Models\Ecommerce.Models.csproj", "{D5D3B0D6-7E61-45E9-BAFD-29C342FD03C5}"
EndProject
Project("{9A19103F-16F7-4668-BE54-9A1E7A4F7556}") = "Utilities", "Utilities\Utilities.csproj", "{62200F08-0AB0-418F-8DED-0EA8CC2D18D1}"
EndProject
Project("{9A19103F-16F7-4668-BE54-9A1E7A4F7556}") = "Ecommerce.UnitTests", "Ecommerce.UnitTests\Ecommerce.UnitTests.csproj", "{F3E99DAA-B289-4CE2-B77C-7F67E3AB4FEE}"
EndProject
Project("{2150E333-8FDC-42A3-9474-1A3956D46DE8}") = ".github", ".github", "{CA0A94E3-5037-4523-9DBC-D70DA8A0A9A6}"
EndProject
Project("{2150E333-8FDC-42A3-9474-1A3956D46DE8}") = "workflows", "workflows", "{DB3AA2C2-369A-4F6C-86BF-88E976725E36}"
	ProjectSection(SolutionItems) = preProject
		test.yml = test.yml
	EndProjectSection
EndProject
Global
	GlobalSection(SolutionConfigurationPlatforms) = preSolution
		Debug|Any CPU = Debug|Any CPU
		Release|Any CPU = Release|Any CPU
	EndGlobalSection
	GlobalSection(ProjectConfigurationPlatforms) = postSolution
		{94F5F302-AE3F-4F9E-9927-A41E5C12B35E}.Debug|Any CPU.ActiveCfg = Debug|Any CPU
		{94F5F302-AE3F-4F9E-9927-A41E5C12B35E}.Debug|Any CPU.Build.0 = Debug|Any CPU
		{94F5F302-AE3F-4F9E-9927-A41E5C12B35E}.Release|Any CPU.ActiveCfg = Release|Any CPU
		{94F5F302-AE3F-4F9E-9927-A41E5C12B35E}.Release|Any CPU.Build.0 = Release|Any CPU
		{B8E43E93-28DF-4E92-9086-A4FE611A1797}.Debug|Any CPU.ActiveCfg = Debug|Any CPU
		{B8E43E93-28DF-4E92-9086-A4FE611A1797}.Debug|Any CPU.Build.0 = Debug|Any CPU
		{B8E43E93-28DF-4E92-9086-A4FE611A1797}.Release|Any CPU.ActiveCfg = Release|Any CPU
		{B8E43E93-28DF-4E92-9086-A4FE611A1797}.Release|Any CPU.Build.0 = Release|Any CPU
		{D5D3B0D6-7E61-45E9-BAFD-29C342FD03C5}.Debug|Any CPU.ActiveCfg = Debug|Any CPU
		{D5D3B0D6-7E61-45E9-BAFD-29C342FD03C5}.Debug|Any CPU.Build.0 = Debug|Any CPU
		{D5D3B0D6-7E61-45E9-BAFD-29C342FD03C5}.Release|Any CPU.ActiveCfg = Release|Any CPU
		{D5D3B0D6-7E61-45E9-BAFD-29C342FD03C5}.Release|Any CPU.Build.0 = Release|Any CPU
		{62200F08-0AB0-418F-8DED-0EA8CC2D18D1}.Debug|Any CPU.ActiveCfg = Debug|Any CPU
		{62200F08-0AB0-418F-8DED-0EA8CC2D18D1}.Debug|Any CPU.Build.0 = Debug|Any CPU
		{62200F08-0AB0-418F-8DED-0EA8CC2D18D1}.Release|Any CPU.ActiveCfg = Release|Any CPU
		{62200F08-0AB0-418F-8DED-0EA8CC2D18D1}.Release|Any CPU.Build.0 = Release|Any CPU
		{F3E99DAA-B289-4CE2-B77C-7F67E3AB4FEE}.Debug|Any CPU.ActiveCfg = Debug|Any CPU
		{F3E99DAA-B289-4CE2-B77C-7F67E3AB4FEE}.Debug|Any CPU.Build.0 = Debug|Any CPU
		{F3E99DAA-B289-4CE2-B77C-7F67E3AB4FEE}.Release|Any CPU.ActiveCfg = Release|Any CPU
		{F3E99DAA-B289-4CE2-B77C-7F67E3AB4FEE}.Release|Any CPU.Build.0 = Release|Any CPU
	EndGlobalSection
	GlobalSection(SolutionProperties) = preSolution
		HideSolutionNode = FALSE
	EndGlobalSection
	GlobalSection(NestedProjects) = preSolution
		{DB3AA2C2-369A-4F6C-86BF-88E976725E36} = {CA0A94E3-5037-4523-9DBC-D70DA8A0A9A6}
	EndGlobalSection
	GlobalSection(ExtensibilityGlobals) = postSolution
		SolutionGuid = {6E557DD0-8C11-408F-ACD6-F7250E009308}
	EndGlobalSection
EndGlobal
