
Microsoft Visual Studio Solution File, Format Version 12.00
# Visual Studio Version 17
VisualStudioVersion = 17.10.35013.160
MinimumVisualStudioVersion = 10.0.40219.1
Project("{FAE04EC0-301F-11D3-BF4B-00C04F79EFBC}") = "Ecommerce", "Ecommerce\Ecommerce.csproj", "{94F5F302-AE3F-4F9E-9927-A41E5C12B35E}"
EndProject
Global
	GlobalSection(SolutionConfigurationPlatforms) = preSolution
		Debug|Any CPU = Debug|Any CPU
		Release|Any CPU = Release|Any CPU
	EndGlobalSection
	GlobalSection(ProjectConfigurationPlatforms) = postSolution
		{94F5F302-AE3F-4F9E-9927-A41E5C12B35E}.Debug|Any CPU.ActiveCfg = Debug|Any CPU
		{94F5F302-AE3F-4F9E-9927-A41E5C12B35E}.Debug|Any CPU.Build.0 = Debug|Any CPU
		{94F5F302-AE3F-4F9E-9927-A41E5C12B35E}.Release|Any CPU.ActiveCfg = Release|Any CPU
		{94F5F302-AE3F-4F9E-9927-A41E5C12B35E}.Release|Any CPU.Build.0 = Release|Any CPU
	EndGlobalSection
	GlobalSection(SolutionProperties) = preSolution
		HideSolutionNode = FALSE
	EndGlobalSection
	GlobalSection(ExtensibilityGlobals) = postSolution
		SolutionGuid = {6E557DD0-8C11-408F-ACD6-F7250E009308}
	EndGlobalSection
EndGlobal
